
Microsoft Visual Studio Solution File, Format Version 12.00
# Visual Studio Version 17
VisualStudioVersion = 17.13.35931.197
MinimumVisualStudioVersion = 10.0.40219.1
Project("{2150E333-8FDC-42A3-9474-1A3956D46DE8}") = "Services", "Services", "{02EA681E-C7D8-13C7-8484-4AC65E1B71E8}"
EndProject
Project("{2150E333-8FDC-42A3-9474-1A3956D46DE8}") = "WebApps", "WebApps", "{6DB6E62F-823F-466E-8C9F-F121D1981DAA}"
EndProject
Project("{2150E333-8FDC-42A3-9474-1A3956D46DE8}") = "Cadastros", "Cadastros", "{8292B384-BFD4-4CC4-9B76-0F7BC36BDF7C}"
EndProject
Project("{2150E333-8FDC-42A3-9474-1A3956D46DE8}") = "Catalago", "Catalago", "{4F4A3AC7-57A1-4A5F-AF73-8017ACCC13B8}"
EndProject
Project("{2150E333-8FDC-42A3-9474-1A3956D46DE8}") = "Core", "Core", "{63CBF113-3F95-434D-9248-7EA04E6F3BF9}"
EndProject
Project("{2150E333-8FDC-42A3-9474-1A3956D46DE8}") = "Fiscal", "Fiscal", "{B43BFED0-E598-48B5-AC98-C558921FA05D}"
EndProject
Project("{2150E333-8FDC-42A3-9474-1A3956D46DE8}") = "Pagamentos", "Pagamentos", "{AF5413FC-58E0-4DE5-83DF-6BCD68700A9D}"
EndProject
Project("{2150E333-8FDC-42A3-9474-1A3956D46DE8}") = "Vendas", "Vendas", "{DFA2A307-ADA0-405E-AEF4-318D4CBEDBE4}"
EndProject
Project("{FAE04EC0-301F-11D3-BF4B-00C04F79EFBC}") = "NerdStore.Catalago.Domain", "src\NerdStore.Catalago.Domain\NerdStore.Catalago.Domain.csproj", "{55C44289-9CBB-47F6-82B2-7A58A297E79E}"
EndProject
Project("{FAE04EC0-301F-11D3-BF4B-00C04F79EFBC}") = "NerdStore.Core", "src\NerdStore.Core\NerdStore.Core.csproj", "{87DCA39D-6C12-4CD6-BCE4-99FA16165004}"
EndProject
Project("{2150E333-8FDC-42A3-9474-1A3956D46DE8}") = "Teste", "Teste", "{6BE466A3-4BA3-4C3A-A9BF-1F3C5B2018A8}"
EndProject
Project("{FAE04EC0-301F-11D3-BF4B-00C04F79EFBC}") = "NerdStore.Catalago.Domain.tests", "tests\NerdStore.Catalago.Domain.tests\NerdStore.Catalago.Domain.tests.csproj", "{FC60BF84-8148-417D-9B27-1BD3692D36B2}"
EndProject
Project("{FAE04EC0-301F-11D3-BF4B-00C04F79EFBC}") = "NerdStore.Catalago.Data", "src\NerdStore.Catalago.Data\NerdStore.Catalago.Data.csproj", "{A8C77FC7-FC1A-4794-A32D-BA3018A47453}"
EndProject
Project("{FAE04EC0-301F-11D3-BF4B-00C04F79EFBC}") = "NerdStore.Catalago.Application", "src\NerdStore.Catalago.Application\NerdStore.Catalago.Application.csproj", "{B83A8B09-103B-4601-851F-C9180B6ED698}"
EndProject
Project("{FAE04EC0-301F-11D3-BF4B-00C04F79EFBC}") = "NerdStore.WebApp.MVC", "src\NerdStore.WebApp.MVC\NerdStore.WebApp.MVC.csproj", "{13EC3CAF-C3F6-4C70-BBB2-40E72C316946}"
EndProject
Project("{FAE04EC0-301F-11D3-BF4B-00C04F79EFBC}") = "NerdStore.Vendas.Domain", "src\NerdStore.Vendas.Domain\NerdStore.Vendas.Domain.csproj", "{059CAC93-2796-4AB2-B44A-4BD1587BB862}"
EndProject
Project("{FAE04EC0-301F-11D3-BF4B-00C04F79EFBC}") = "NerdStore.Vendas.Application", "src\NerdStore.Vendas.Application\NerdStore.Vendas.Application.csproj", "{9BD1DE7F-1FC9-473D-9783-6785B003EF6E}"
EndProject
Project("{FAE04EC0-301F-11D3-BF4B-00C04F79EFBC}") = "NerdStore.Vendas.Data", "src\NerdStore.Vendas.Data\NerdStore.Vendas.Data.csproj", "{838D78F7-6680-4959-A549-1E33C811E13B}"
EndProject
Global
	GlobalSection(SolutionConfigurationPlatforms) = preSolution
		Debug|Any CPU = Debug|Any CPU
		Release|Any CPU = Release|Any CPU
	EndGlobalSection
	GlobalSection(ProjectConfigurationPlatforms) = postSolution
		{55C44289-9CBB-47F6-82B2-7A58A297E79E}.Debug|Any CPU.ActiveCfg = Debug|Any CPU
		{55C44289-9CBB-47F6-82B2-7A58A297E79E}.Debug|Any CPU.Build.0 = Debug|Any CPU
		{55C44289-9CBB-47F6-82B2-7A58A297E79E}.Release|Any CPU.ActiveCfg = Release|Any CPU
		{55C44289-9CBB-47F6-82B2-7A58A297E79E}.Release|Any CPU.Build.0 = Release|Any CPU
		{87DCA39D-6C12-4CD6-BCE4-99FA16165004}.Debug|Any CPU.ActiveCfg = Debug|Any CPU
		{87DCA39D-6C12-4CD6-BCE4-99FA16165004}.Debug|Any CPU.Build.0 = Debug|Any CPU
		{87DCA39D-6C12-4CD6-BCE4-99FA16165004}.Release|Any CPU.ActiveCfg = Release|Any CPU
		{87DCA39D-6C12-4CD6-BCE4-99FA16165004}.Release|Any CPU.Build.0 = Release|Any CPU
		{FC60BF84-8148-417D-9B27-1BD3692D36B2}.Debug|Any CPU.ActiveCfg = Debug|Any CPU
		{FC60BF84-8148-417D-9B27-1BD3692D36B2}.Debug|Any CPU.Build.0 = Debug|Any CPU
		{FC60BF84-8148-417D-9B27-1BD3692D36B2}.Release|Any CPU.ActiveCfg = Release|Any CPU
		{FC60BF84-8148-417D-9B27-1BD3692D36B2}.Release|Any CPU.Build.0 = Release|Any CPU
		{A8C77FC7-FC1A-4794-A32D-BA3018A47453}.Debug|Any CPU.ActiveCfg = Debug|Any CPU
		{A8C77FC7-FC1A-4794-A32D-BA3018A47453}.Debug|Any CPU.Build.0 = Debug|Any CPU
		{A8C77FC7-FC1A-4794-A32D-BA3018A47453}.Release|Any CPU.ActiveCfg = Release|Any CPU
		{A8C77FC7-FC1A-4794-A32D-BA3018A47453}.Release|Any CPU.Build.0 = Release|Any CPU
		{B83A8B09-103B-4601-851F-C9180B6ED698}.Debug|Any CPU.ActiveCfg = Debug|Any CPU
		{B83A8B09-103B-4601-851F-C9180B6ED698}.Debug|Any CPU.Build.0 = Debug|Any CPU
		{B83A8B09-103B-4601-851F-C9180B6ED698}.Release|Any CPU.ActiveCfg = Release|Any CPU
		{B83A8B09-103B-4601-851F-C9180B6ED698}.Release|Any CPU.Build.0 = Release|Any CPU
		{13EC3CAF-C3F6-4C70-BBB2-40E72C316946}.Debug|Any CPU.ActiveCfg = Debug|Any CPU
		{13EC3CAF-C3F6-4C70-BBB2-40E72C316946}.Debug|Any CPU.Build.0 = Debug|Any CPU
		{13EC3CAF-C3F6-4C70-BBB2-40E72C316946}.Release|Any CPU.ActiveCfg = Release|Any CPU
		{13EC3CAF-C3F6-4C70-BBB2-40E72C316946}.Release|Any CPU.Build.0 = Release|Any CPU
		{059CAC93-2796-4AB2-B44A-4BD1587BB862}.Debug|Any CPU.ActiveCfg = Debug|Any CPU
		{059CAC93-2796-4AB2-B44A-4BD1587BB862}.Debug|Any CPU.Build.0 = Debug|Any CPU
		{059CAC93-2796-4AB2-B44A-4BD1587BB862}.Release|Any CPU.ActiveCfg = Release|Any CPU
		{059CAC93-2796-4AB2-B44A-4BD1587BB862}.Release|Any CPU.Build.0 = Release|Any CPU
		{9BD1DE7F-1FC9-473D-9783-6785B003EF6E}.Debug|Any CPU.ActiveCfg = Debug|Any CPU
		{9BD1DE7F-1FC9-473D-9783-6785B003EF6E}.Debug|Any CPU.Build.0 = Debug|Any CPU
		{9BD1DE7F-1FC9-473D-9783-6785B003EF6E}.Release|Any CPU.ActiveCfg = Release|Any CPU
		{9BD1DE7F-1FC9-473D-9783-6785B003EF6E}.Release|Any CPU.Build.0 = Release|Any CPU
		{838D78F7-6680-4959-A549-1E33C811E13B}.Debug|Any CPU.ActiveCfg = Debug|Any CPU
		{838D78F7-6680-4959-A549-1E33C811E13B}.Debug|Any CPU.Build.0 = Debug|Any CPU
		{838D78F7-6680-4959-A549-1E33C811E13B}.Release|Any CPU.ActiveCfg = Release|Any CPU
		{838D78F7-6680-4959-A549-1E33C811E13B}.Release|Any CPU.Build.0 = Release|Any CPU
	EndGlobalSection
	GlobalSection(SolutionProperties) = preSolution
		HideSolutionNode = FALSE
	EndGlobalSection
	GlobalSection(NestedProjects) = preSolution
		{8292B384-BFD4-4CC4-9B76-0F7BC36BDF7C} = {02EA681E-C7D8-13C7-8484-4AC65E1B71E8}
		{4F4A3AC7-57A1-4A5F-AF73-8017ACCC13B8} = {02EA681E-C7D8-13C7-8484-4AC65E1B71E8}
		{63CBF113-3F95-434D-9248-7EA04E6F3BF9} = {02EA681E-C7D8-13C7-8484-4AC65E1B71E8}
		{B43BFED0-E598-48B5-AC98-C558921FA05D} = {02EA681E-C7D8-13C7-8484-4AC65E1B71E8}
		{AF5413FC-58E0-4DE5-83DF-6BCD68700A9D} = {02EA681E-C7D8-13C7-8484-4AC65E1B71E8}
		{DFA2A307-ADA0-405E-AEF4-318D4CBEDBE4} = {02EA681E-C7D8-13C7-8484-4AC65E1B71E8}
		{55C44289-9CBB-47F6-82B2-7A58A297E79E} = {4F4A3AC7-57A1-4A5F-AF73-8017ACCC13B8}
		{87DCA39D-6C12-4CD6-BCE4-99FA16165004} = {63CBF113-3F95-434D-9248-7EA04E6F3BF9}
		{6BE466A3-4BA3-4C3A-A9BF-1F3C5B2018A8} = {4F4A3AC7-57A1-4A5F-AF73-8017ACCC13B8}
		{FC60BF84-8148-417D-9B27-1BD3692D36B2} = {6BE466A3-4BA3-4C3A-A9BF-1F3C5B2018A8}
		{A8C77FC7-FC1A-4794-A32D-BA3018A47453} = {4F4A3AC7-57A1-4A5F-AF73-8017ACCC13B8}
		{B83A8B09-103B-4601-851F-C9180B6ED698} = {4F4A3AC7-57A1-4A5F-AF73-8017ACCC13B8}
		{13EC3CAF-C3F6-4C70-BBB2-40E72C316946} = {6DB6E62F-823F-466E-8C9F-F121D1981DAA}
		{059CAC93-2796-4AB2-B44A-4BD1587BB862} = {DFA2A307-ADA0-405E-AEF4-318D4CBEDBE4}
		{9BD1DE7F-1FC9-473D-9783-6785B003EF6E} = {DFA2A307-ADA0-405E-AEF4-318D4CBEDBE4}
		{838D78F7-6680-4959-A549-1E33C811E13B} = {DFA2A307-ADA0-405E-AEF4-318D4CBEDBE4}
	EndGlobalSection
	GlobalSection(ExtensibilityGlobals) = postSolution
		SolutionGuid = {D3095EEB-54CB-4CEE-911F-FB63BD610FBC}
	EndGlobalSection
EndGlobal
